
Microsoft Visual Studio Solution File, Format Version 12.00
# Visual Studio Version 16
VisualStudioVersion = 16.0.33801.447
MinimumVisualStudioVersion = 10.0.40219.1
Project("{2150E333-8FDC-42A3-9474-1A3956D46DE8}") = "HelloOCCT", "HelloOCCT", "{DD57C79A-2BE7-4E1B-B25B-054139EE249A}"
EndProject
Project("{FAE04EC0-301F-11D3-BF4B-00C04F79EFBC}") = "HelloOCCT.WPF", "HelloOCCT\HelloOCCT.WPF\HelloOCCT.WPF.csproj", "{1C3FA80D-A694-45E8-BD00-A239F3ED2FC2}"
EndProject
Project("{8BC9CEB8-8B4A-11D0-8D11-00A0C91BC942}") = "Proxy", "Proxy\Proxy.vcxproj", "{59D116AB-9F7C-4BC8-985C-26A8C5250B02}"
EndProject
Project("{FAE04EC0-301F-11D3-BF4B-00C04F79EFBC}") = "HelloOCCT.Winform", "HelloOCCT\HelloOCCT.Winform\HelloOCCT.Winform.csproj", "{1E9EA522-3664-499C-B2F0-1A688F5DCEB1}"
EndProject
Project("{2150E333-8FDC-42A3-9474-1A3956D46DE8}") = "DrawShapes", "DrawShapes", "{0A7AA0FE-105C-40FA-8835-29CB4A2D1943}"
EndProject
Project("{FAE04EC0-301F-11D3-BF4B-00C04F79EFBC}") = "DrawShapes", "DrawShapes\DrawShapes.csproj", "{902D9197-35DE-494F-BEC5-F03733219AAD}"
EndProject
Project("{2150E333-8FDC-42A3-9474-1A3956D46DE8}") = "DrawShapes_Custom", "DrawShapes_Custom", "{452EE6F4-715C-4E56-9A8E-33B50D8BCD80}"
EndProject
Project("{FAE04EC0-301F-11D3-BF4B-00C04F79EFBC}") = "DrawShapes_Custom", "DrawShapes_Custom\DrawShapes_Custom.csproj", "{B781AABC-B2A9-4CC8-ADF4-145AEDEA5053}"
EndProject
Project("{2150E333-8FDC-42A3-9474-1A3956D46DE8}") = "CamaraController", "CamaraController", "{BB90B503-7849-4DE5-AC89-26194182C62C}"
EndProject
Project("{FAE04EC0-301F-11D3-BF4B-00C04F79EFBC}") = "CameraController", "CameraController\CameraController.csproj", "{9D04084B-C3DF-4436-8E4C-15D992325A8E}"
EndProject
Project("{2150E333-8FDC-42A3-9474-1A3956D46DE8}") = "BooleanOperation", "BooleanOperation", "{BCD543EE-E185-4238-AE30-ABB8F1199259}"
EndProject
Project("{FAE04EC0-301F-11D3-BF4B-00C04F79EFBC}") = "BooleanOperation", "BooleanOperation\BooleanOperation.csproj", "{1ED931A9-39E8-47B7-8523-6C6370EEA6CB}"
EndProject
Global
	GlobalSection(SolutionConfigurationPlatforms) = preSolution
		Debug|Any CPU = Debug|Any CPU
		Debug|x64 = Debug|x64
		Debug|x86 = Debug|x86
		Release|Any CPU = Release|Any CPU
		Release|x64 = Release|x64
		Release|x86 = Release|x86
	EndGlobalSection
	GlobalSection(ProjectConfigurationPlatforms) = postSolution
		{1C3FA80D-A694-45E8-BD00-A239F3ED2FC2}.Debug|Any CPU.ActiveCfg = Debug|Any CPU
		{1C3FA80D-A694-45E8-BD00-A239F3ED2FC2}.Debug|Any CPU.Build.0 = Debug|Any CPU
		{1C3FA80D-A694-45E8-BD00-A239F3ED2FC2}.Debug|x64.ActiveCfg = Debug|x64
		{1C3FA80D-A694-45E8-BD00-A239F3ED2FC2}.Debug|x64.Build.0 = Debug|x64
		{1C3FA80D-A694-45E8-BD00-A239F3ED2FC2}.Debug|x86.ActiveCfg = Debug|Any CPU
		{1C3FA80D-A694-45E8-BD00-A239F3ED2FC2}.Debug|x86.Build.0 = Debug|Any CPU
		{1C3FA80D-A694-45E8-BD00-A239F3ED2FC2}.Release|Any CPU.ActiveCfg = Release|Any CPU
		{1C3FA80D-A694-45E8-BD00-A239F3ED2FC2}.Release|Any CPU.Build.0 = Release|Any CPU
		{1C3FA80D-A694-45E8-BD00-A239F3ED2FC2}.Release|x64.ActiveCfg = Release|Any CPU
		{1C3FA80D-A694-45E8-BD00-A239F3ED2FC2}.Release|x64.Build.0 = Release|Any CPU
		{1C3FA80D-A694-45E8-BD00-A239F3ED2FC2}.Release|x86.ActiveCfg = Release|Any CPU
		{1C3FA80D-A694-45E8-BD00-A239F3ED2FC2}.Release|x86.Build.0 = Release|Any CPU
		{59D116AB-9F7C-4BC8-985C-26A8C5250B02}.Debug|Any CPU.ActiveCfg = Debug|Win32
		{59D116AB-9F7C-4BC8-985C-26A8C5250B02}.Debug|x64.ActiveCfg = Debug|x64
		{59D116AB-9F7C-4BC8-985C-26A8C5250B02}.Debug|x64.Build.0 = Debug|x64
		{59D116AB-9F7C-4BC8-985C-26A8C5250B02}.Debug|x86.ActiveCfg = Debug|Win32
		{59D116AB-9F7C-4BC8-985C-26A8C5250B02}.Debug|x86.Build.0 = Debug|Win32
		{59D116AB-9F7C-4BC8-985C-26A8C5250B02}.Release|Any CPU.ActiveCfg = Release|Win32
		{59D116AB-9F7C-4BC8-985C-26A8C5250B02}.Release|x64.ActiveCfg = Release|x64
		{59D116AB-9F7C-4BC8-985C-26A8C5250B02}.Release|x64.Build.0 = Release|x64
		{59D116AB-9F7C-4BC8-985C-26A8C5250B02}.Release|x86.ActiveCfg = Release|Win32
		{59D116AB-9F7C-4BC8-985C-26A8C5250B02}.Release|x86.Build.0 = Release|Win32
		{1E9EA522-3664-499C-B2F0-1A688F5DCEB1}.Debug|Any CPU.ActiveCfg = Debug|Any CPU
		{1E9EA522-3664-499C-B2F0-1A688F5DCEB1}.Debug|Any CPU.Build.0 = Debug|Any CPU
		{1E9EA522-3664-499C-B2F0-1A688F5DCEB1}.Debug|x64.ActiveCfg = Debug|x64
		{1E9EA522-3664-499C-B2F0-1A688F5DCEB1}.Debug|x64.Build.0 = Debug|x64
		{1E9EA522-3664-499C-B2F0-1A688F5DCEB1}.Debug|x86.ActiveCfg = Debug|Any CPU
		{1E9EA522-3664-499C-B2F0-1A688F5DCEB1}.Debug|x86.Build.0 = Debug|Any CPU
		{1E9EA522-3664-499C-B2F0-1A688F5DCEB1}.Release|Any CPU.ActiveCfg = Release|Any CPU
		{1E9EA522-3664-499C-B2F0-1A688F5DCEB1}.Release|Any CPU.Build.0 = Release|Any CPU
		{1E9EA522-3664-499C-B2F0-1A688F5DCEB1}.Release|x64.ActiveCfg = Release|Any CPU
		{1E9EA522-3664-499C-B2F0-1A688F5DCEB1}.Release|x64.Build.0 = Release|Any CPU
		{1E9EA522-3664-499C-B2F0-1A688F5DCEB1}.Release|x86.ActiveCfg = Release|Any CPU
		{1E9EA522-3664-499C-B2F0-1A688F5DCEB1}.Release|x86.Build.0 = Release|Any CPU
		{902D9197-35DE-494F-BEC5-F03733219AAD}.Debug|Any CPU.ActiveCfg = Debug|Any CPU
		{902D9197-35DE-494F-BEC5-F03733219AAD}.Debug|Any CPU.Build.0 = Debug|Any CPU
		{902D9197-35DE-494F-BEC5-F03733219AAD}.Debug|x64.ActiveCfg = Debug|Any CPU
		{902D9197-35DE-494F-BEC5-F03733219AAD}.Debug|x64.Build.0 = Debug|Any CPU
		{902D9197-35DE-494F-BEC5-F03733219AAD}.Debug|x86.ActiveCfg = Debug|Any CPU
		{902D9197-35DE-494F-BEC5-F03733219AAD}.Debug|x86.Build.0 = Debug|Any CPU
		{902D9197-35DE-494F-BEC5-F03733219AAD}.Release|Any CPU.ActiveCfg = Release|Any CPU
		{902D9197-35DE-494F-BEC5-F03733219AAD}.Release|Any CPU.Build.0 = Release|Any CPU
		{902D9197-35DE-494F-BEC5-F03733219AAD}.Release|x64.ActiveCfg = Release|Any CPU
		{902D9197-35DE-494F-BEC5-F03733219AAD}.Release|x64.Build.0 = Release|Any CPU
		{902D9197-35DE-494F-BEC5-F03733219AAD}.Release|x86.ActiveCfg = Release|Any CPU
		{902D9197-35DE-494F-BEC5-F03733219AAD}.Release|x86.Build.0 = Release|Any CPU
		{B781AABC-B2A9-4CC8-ADF4-145AEDEA5053}.Debug|Any CPU.ActiveCfg = Debug|Any CPU
		{B781AABC-B2A9-4CC8-ADF4-145AEDEA5053}.Debug|Any CPU.Build.0 = Debug|Any CPU
		{B781AABC-B2A9-4CC8-ADF4-145AEDEA5053}.Debug|x64.ActiveCfg = Debug|Any CPU
		{B781AABC-B2A9-4CC8-ADF4-145AEDEA5053}.Debug|x64.Build.0 = Debug|Any CPU
		{B781AABC-B2A9-4CC8-ADF4-145AEDEA5053}.Debug|x86.ActiveCfg = Debug|Any CPU
		{B781AABC-B2A9-4CC8-ADF4-145AEDEA5053}.Debug|x86.Build.0 = Debug|Any CPU
		{B781AABC-B2A9-4CC8-ADF4-145AEDEA5053}.Release|Any CPU.ActiveCfg = Release|Any CPU
		{B781AABC-B2A9-4CC8-ADF4-145AEDEA5053}.Release|Any CPU.Build.0 = Release|Any CPU
		{B781AABC-B2A9-4CC8-ADF4-145AEDEA5053}.Release|x64.ActiveCfg = Release|Any CPU
		{B781AABC-B2A9-4CC8-ADF4-145AEDEA5053}.Release|x64.Build.0 = Release|Any CPU
		{B781AABC-B2A9-4CC8-ADF4-145AEDEA5053}.Release|x86.ActiveCfg = Release|Any CPU
		{B781AABC-B2A9-4CC8-ADF4-145AEDEA5053}.Release|x86.Build.0 = Release|Any CPU
		{9D04084B-C3DF-4436-8E4C-15D992325A8E}.Debug|Any CPU.ActiveCfg = Debug|Any CPU
		{9D04084B-C3DF-4436-8E4C-15D992325A8E}.Debug|Any CPU.Build.0 = Debug|Any CPU
		{9D04084B-C3DF-4436-8E4C-15D992325A8E}.Debug|x64.ActiveCfg = Debug|Any CPU
		{9D04084B-C3DF-4436-8E4C-15D992325A8E}.Debug|x64.Build.0 = Debug|Any CPU
		{9D04084B-C3DF-4436-8E4C-15D992325A8E}.Debug|x86.ActiveCfg = Debug|Any CPU
		{9D04084B-C3DF-4436-8E4C-15D992325A8E}.Debug|x86.Build.0 = Debug|Any CPU
		{9D04084B-C3DF-4436-8E4C-15D992325A8E}.Release|Any CPU.ActiveCfg = Release|Any CPU
		{9D04084B-C3DF-4436-8E4C-15D992325A8E}.Release|Any CPU.Build.0 = Release|Any CPU
		{9D04084B-C3DF-4436-8E4C-15D992325A8E}.Release|x64.ActiveCfg = Release|Any CPU
		{9D04084B-C3DF-4436-8E4C-15D992325A8E}.Release|x64.Build.0 = Release|Any CPU
		{9D04084B-C3DF-4436-8E4C-15D992325A8E}.Release|x86.ActiveCfg = Release|Any CPU
		{9D04084B-C3DF-4436-8E4C-15D992325A8E}.Release|x86.Build.0 = Release|Any CPU
		{1ED931A9-39E8-47B7-8523-6C6370EEA6CB}.Debug|Any CPU.ActiveCfg = Debug|Any CPU
		{1ED931A9-39E8-47B7-8523-6C6370EEA6CB}.Debug|Any CPU.Build.0 = Debug|Any CPU
		{1ED931A9-39E8-47B7-8523-6C6370EEA6CB}.Debug|x64.ActiveCfg = Debug|Any CPU
		{1ED931A9-39E8-47B7-8523-6C6370EEA6CB}.Debug|x64.Build.0 = Debug|Any CPU
		{1ED931A9-39E8-47B7-8523-6C6370EEA6CB}.Debug|x86.ActiveCfg = Debug|Any CPU
		{1ED931A9-39E8-47B7-8523-6C6370EEA6CB}.Debug|x86.Build.0 = Debug|Any CPU
		{1ED931A9-39E8-47B7-8523-6C6370EEA6CB}.Release|Any CPU.ActiveCfg = Release|Any CPU
		{1ED931A9-39E8-47B7-8523-6C6370EEA6CB}.Release|Any CPU.Build.0 = Release|Any CPU
		{1ED931A9-39E8-47B7-8523-6C6370EEA6CB}.Release|x64.ActiveCfg = Release|Any CPU
		{1ED931A9-39E8-47B7-8523-6C6370EEA6CB}.Release|x64.Build.0 = Release|Any CPU
		{1ED931A9-39E8-47B7-8523-6C6370EEA6CB}.Release|x86.ActiveCfg = Release|Any CPU
		{1ED931A9-39E8-47B7-8523-6C6370EEA6CB}.Release|x86.Build.0 = Release|Any CPU
	EndGlobalSection
	GlobalSection(SolutionProperties) = preSolution
		HideSolutionNode = FALSE
	EndGlobalSection
	GlobalSection(NestedProjects) = preSolution
		{1C3FA80D-A694-45E8-BD00-A239F3ED2FC2} = {DD57C79A-2BE7-4E1B-B25B-054139EE249A}
		{1E9EA522-3664-499C-B2F0-1A688F5DCEB1} = {DD57C79A-2BE7-4E1B-B25B-054139EE249A}
		{902D9197-35DE-494F-BEC5-F03733219AAD} = {0A7AA0FE-105C-40FA-8835-29CB4A2D1943}
		{B781AABC-B2A9-4CC8-ADF4-145AEDEA5053} = {452EE6F4-715C-4E56-9A8E-33B50D8BCD80}
		{9D04084B-C3DF-4436-8E4C-15D992325A8E} = {BB90B503-7849-4DE5-AC89-26194182C62C}
		{1ED931A9-39E8-47B7-8523-6C6370EEA6CB} = {BCD543EE-E185-4238-AE30-ABB8F1199259}
	EndGlobalSection
	GlobalSection(ExtensibilityGlobals) = postSolution
		SolutionGuid = {5E9F9021-749D-46FD-BA0A-C089A450A81D}
	EndGlobalSection
EndGlobal
