<?xml version="1.0" encoding="utf-8"?>
<Project ToolsVersion="4.0" xmlns="http://schemas.microsoft.com/developer/msbuild/2003">
  <ItemGroup>
    <Filter Include="DrawShapes">
      <UniqueIdentifier>{5cd7bc9f-943d-4a89-8401-0541fdbe66fa}</UniqueIdentifier>
    </Filter>
    <Filter Include="HelloOCCT">
      <UniqueIdentifier>{746386f8-3fa4-4011-8bc2-69aed5565ecf}</UniqueIdentifier>
    </Filter>
    <Filter Include="DrawShapes_Custom">
      <UniqueIdentifier>{a438f581-9cc9-48df-8ef4-b595b331bd77}</UniqueIdentifier>
    </Filter>
    <Filter Include="CameraController">
      <UniqueIdentifier>{d55e92f1-9fda-4b07-add5-9f88070d6787}</UniqueIdentifier>
    </Filter>
  </ItemGroup>
  <ItemGroup>
    <ClInclude Include="HelloOCCT_Viewport.h">
      <Filter>HelloOCCT</Filter>
    </ClInclude>
    <ClInclude Include="DrawShapes_Viewport.h">
      <Filter>DrawShapes</Filter>
    </ClInclude>
    <ClInclude Include="AIS_Curve.h">
      <Filter>DrawShapes_Custom</Filter>
    </ClInclude>
    <ClInclude Include="DrawShapes_Custom_Viewport.h">
      <Filter>DrawShapes_Custom</Filter>
    </ClInclude>
    <ClInclude Include="AIS_Solid.h">
      <Filter>DrawShapes_Custom</Filter>
    </ClInclude>
    <ClInclude Include="CameraController_Viewport.h">
      <Filter>CameraController</Filter>
    </ClInclude>
  </ItemGroup>
  <ItemGroup>
    <ClCompile Include="HelloOCCT_Viewport.cpp">
      <Filter>HelloOCCT</Filter>
    </ClCompile>
    <ClCompile Include="DrawShapes_Viewport.cpp">
      <Filter>DrawShapes</Filter>
    </ClCompile>
    <ClCompile Include="AIS_Curve.cpp">
      <Filter>DrawShapes_Custom</Filter>
    </ClCompile>
    <ClCompile Include="DrawShapes_Custom_Viewport.cpp">
      <Filter>DrawShapes_Custom</Filter>
    </ClCompile>
    <ClCompile Include="AIS_Solid.cpp">
      <Filter>DrawShapes_Custom</Filter>
    </ClCompile>
    <ClCompile Include="CameraController_Viewport.cpp">
      <Filter>CameraController</Filter>
    </ClCompile>
  </ItemGroup>
</Project>